
Microsoft Visual Studio Solution File, Format Version 12.00
# Visual Studio Version 17
VisualStudioVersion = 17.2.32526.322
MinimumVisualStudioVersion = 10.0.40219.1
Project("{FAE04EC0-301F-11D3-BF4B-00C04F79EFBC}") = "Arrays_and_loops", "Arrays_and_loops\Arrays_and_loops.csproj", "{4FA7A75B-FEED-4BE9-A662-024312F49274}"
EndProject
Global
	GlobalSection(SolutionConfigurationPlatforms) = preSolution
		Debug|Any CPU = Debug|Any CPU
		Release|Any CPU = Release|Any CPU
	EndGlobalSection
	GlobalSection(ProjectConfigurationPlatforms) = postSolution
		{4FA7A75B-FEED-4BE9-A662-024312F49274}.Debug|Any CPU.ActiveCfg = Debug|Any CPU
		{4FA7A75B-FEED-4BE9-A662-024312F49274}.Debug|Any CPU.Build.0 = Debug|Any CPU
		{4FA7A75B-FEED-4BE9-A662-024312F49274}.Release|Any CPU.ActiveCfg = Release|Any CPU
		{4FA7A75B-FEED-4BE9-A662-024312F49274}.Release|Any CPU.Build.0 = Release|Any CPU
	EndGlobalSection
	GlobalSection(SolutionProperties) = preSolution
		HideSolutionNode = FALSE
	EndGlobalSection
	GlobalSection(ExtensibilityGlobals) = postSolution
		SolutionGuid = {5FFE8B2D-EDC8-4087-A1F9-D4B77E763ADE}
	EndGlobalSection
EndGlobal
